
Microsoft Visual Studio Solution File, Format Version 12.00
# Visual Studio Version 16
VisualStudioVersion = 16.0.29318.209
MinimumVisualStudioVersion = 15.0.26124.0
Project("{FAE04EC0-301F-11D3-BF4B-00C04F79EFBC}") = "FabricaApi", "FabricaApi\FabricaApi.csproj", "{90330037-AAD2-40EA-9F57-E9410AA302BF}"
EndProject
Project("{FAE04EC0-301F-11D3-BF4B-00C04F79EFBC}") = "FabricaApi.Tests", "FabricaApi.Tests\FabricaApi.Tests.csproj", "{A8B88C57-A7E5-4A44-8FA8-3070534C3104}"
EndProject
Project("{FAE04EC0-301F-11D3-BF4B-00C04F79EFBC}") = "ProducaoApi", "ProducaoApi\ProducaoApi.csproj", "{9BBDBD0F-D373-4F6B-BDE6-A1A97DFD4794}"
EndProject
Project("{FAE04EC0-301F-11D3-BF4B-00C04F79EFBC}") = "ProducaoApi.Tests", "ProducaoApi.Tests\ProducaoApi.Tests.csproj", "{994925F8-8FE1-4251-8CB7-A8C13A4F59F8}"
EndProject
Global
	GlobalSection(SolutionConfigurationPlatforms) = preSolution
		Debug|Any CPU = Debug|Any CPU
		Debug|x64 = Debug|x64
		Debug|x86 = Debug|x86
		Release|Any CPU = Release|Any CPU
		Release|x64 = Release|x64
		Release|x86 = Release|x86
	EndGlobalSection
	GlobalSection(ProjectConfigurationPlatforms) = postSolution
		{90330037-AAD2-40EA-9F57-E9410AA302BF}.Debug|Any CPU.ActiveCfg = Debug|Any CPU
		{90330037-AAD2-40EA-9F57-E9410AA302BF}.Debug|Any CPU.Build.0 = Debug|Any CPU
		{90330037-AAD2-40EA-9F57-E9410AA302BF}.Debug|x64.ActiveCfg = Debug|Any CPU
		{90330037-AAD2-40EA-9F57-E9410AA302BF}.Debug|x64.Build.0 = Debug|Any CPU
		{90330037-AAD2-40EA-9F57-E9410AA302BF}.Debug|x86.ActiveCfg = Debug|Any CPU
		{90330037-AAD2-40EA-9F57-E9410AA302BF}.Debug|x86.Build.0 = Debug|Any CPU
		{90330037-AAD2-40EA-9F57-E9410AA302BF}.Release|Any CPU.ActiveCfg = Release|Any CPU
		{90330037-AAD2-40EA-9F57-E9410AA302BF}.Release|Any CPU.Build.0 = Release|Any CPU
		{90330037-AAD2-40EA-9F57-E9410AA302BF}.Release|x64.ActiveCfg = Release|Any CPU
		{90330037-AAD2-40EA-9F57-E9410AA302BF}.Release|x64.Build.0 = Release|Any CPU
		{90330037-AAD2-40EA-9F57-E9410AA302BF}.Release|x86.ActiveCfg = Release|Any CPU
		{90330037-AAD2-40EA-9F57-E9410AA302BF}.Release|x86.Build.0 = Release|Any CPU
		{A8B88C57-A7E5-4A44-8FA8-3070534C3104}.Debug|Any CPU.ActiveCfg = Debug|Any CPU
		{A8B88C57-A7E5-4A44-8FA8-3070534C3104}.Debug|Any CPU.Build.0 = Debug|Any CPU
		{A8B88C57-A7E5-4A44-8FA8-3070534C3104}.Debug|x64.ActiveCfg = Debug|Any CPU
		{A8B88C57-A7E5-4A44-8FA8-3070534C3104}.Debug|x64.Build.0 = Debug|Any CPU
		{A8B88C57-A7E5-4A44-8FA8-3070534C3104}.Debug|x86.ActiveCfg = Debug|Any CPU
		{A8B88C57-A7E5-4A44-8FA8-3070534C3104}.Debug|x86.Build.0 = Debug|Any CPU
		{A8B88C57-A7E5-4A44-8FA8-3070534C3104}.Release|Any CPU.ActiveCfg = Release|Any CPU
		{A8B88C57-A7E5-4A44-8FA8-3070534C3104}.Release|Any CPU.Build.0 = Release|Any CPU
		{A8B88C57-A7E5-4A44-8FA8-3070534C3104}.Release|x64.ActiveCfg = Release|Any CPU
		{A8B88C57-A7E5-4A44-8FA8-3070534C3104}.Release|x64.Build.0 = Release|Any CPU
		{A8B88C57-A7E5-4A44-8FA8-3070534C3104}.Release|x86.ActiveCfg = Release|Any CPU
		{A8B88C57-A7E5-4A44-8FA8-3070534C3104}.Release|x86.Build.0 = Release|Any CPU
		{9BBDBD0F-D373-4F6B-BDE6-A1A97DFD4794}.Debug|Any CPU.ActiveCfg = Debug|Any CPU
		{9BBDBD0F-D373-4F6B-BDE6-A1A97DFD4794}.Debug|Any CPU.Build.0 = Debug|Any CPU
		{9BBDBD0F-D373-4F6B-BDE6-A1A97DFD4794}.Debug|x64.ActiveCfg = Debug|Any CPU
		{9BBDBD0F-D373-4F6B-BDE6-A1A97DFD4794}.Debug|x64.Build.0 = Debug|Any CPU
		{9BBDBD0F-D373-4F6B-BDE6-A1A97DFD4794}.Debug|x86.ActiveCfg = Debug|Any CPU
		{9BBDBD0F-D373-4F6B-BDE6-A1A97DFD4794}.Debug|x86.Build.0 = Debug|Any CPU
		{9BBDBD0F-D373-4F6B-BDE6-A1A97DFD4794}.Release|Any CPU.ActiveCfg = Release|Any CPU
		{9BBDBD0F-D373-4F6B-BDE6-A1A97DFD4794}.Release|Any CPU.Build.0 = Release|Any CPU
		{9BBDBD0F-D373-4F6B-BDE6-A1A97DFD4794}.Release|x64.ActiveCfg = Release|Any CPU
		{9BBDBD0F-D373-4F6B-BDE6-A1A97DFD4794}.Release|x64.Build.0 = Release|Any CPU
		{9BBDBD0F-D373-4F6B-BDE6-A1A97DFD4794}.Release|x86.ActiveCfg = Release|Any CPU
		{9BBDBD0F-D373-4F6B-BDE6-A1A97DFD4794}.Release|x86.Build.0 = Release|Any CPU
		{994925F8-8FE1-4251-8CB7-A8C13A4F59F8}.Debug|Any CPU.ActiveCfg = Debug|Any CPU
		{994925F8-8FE1-4251-8CB7-A8C13A4F59F8}.Debug|Any CPU.Build.0 = Debug|Any CPU
		{994925F8-8FE1-4251-8CB7-A8C13A4F59F8}.Debug|x64.ActiveCfg = Debug|Any CPU
		{994925F8-8FE1-4251-8CB7-A8C13A4F59F8}.Debug|x64.Build.0 = Debug|Any CPU
		{994925F8-8FE1-4251-8CB7-A8C13A4F59F8}.Debug|x86.ActiveCfg = Debug|Any CPU
		{994925F8-8FE1-4251-8CB7-A8C13A4F59F8}.Debug|x86.Build.0 = Debug|Any CPU
		{994925F8-8FE1-4251-8CB7-A8C13A4F59F8}.Release|Any CPU.ActiveCfg = Release|Any CPU
		{994925F8-8FE1-4251-8CB7-A8C13A4F59F8}.Release|Any CPU.Build.0 = Release|Any CPU
		{994925F8-8FE1-4251-8CB7-A8C13A4F59F8}.Release|x64.ActiveCfg = Release|Any CPU
		{994925F8-8FE1-4251-8CB7-A8C13A4F59F8}.Release|x64.Build.0 = Release|Any CPU
		{994925F8-8FE1-4251-8CB7-A8C13A4F59F8}.Release|x86.ActiveCfg = Release|Any CPU
		{994925F8-8FE1-4251-8CB7-A8C13A4F59F8}.Release|x86.Build.0 = Release|Any CPU
	EndGlobalSection
	GlobalSection(SolutionProperties) = preSolution
		HideSolutionNode = FALSE
	EndGlobalSection
	GlobalSection(ExtensibilityGlobals) = postSolution
		SolutionGuid = {FDA61A4B-396E-458F-8F1D-E3F591B78A88}
	EndGlobalSection
EndGlobal
