
Microsoft Visual Studio Solution File, Format Version 12.00
# Visual Studio Version 16
VisualStudioVersion = 16.0.29318.209
MinimumVisualStudioVersion = 10.0.40219.1
Project("{9092AA53-FB77-4645-B42D-1CCCA6BD08BD}") = "GestaoDeEncomendas", "GestaoDeEncomendas\GestaoDeEncomendas.njsproj", "{FD3FEFB1-6E1A-41D0-A5E5-F1655CACFBEE}"
EndProject
Global
	GlobalSection(SolutionConfigurationPlatforms) = preSolution
		Debug|Any CPU = Debug|Any CPU
		Release|Any CPU = Release|Any CPU
	EndGlobalSection
	GlobalSection(ProjectConfigurationPlatforms) = postSolution
		{FD3FEFB1-6E1A-41D0-A5E5-F1655CACFBEE}.Debug|Any CPU.ActiveCfg = Debug|Any CPU
		{FD3FEFB1-6E1A-41D0-A5E5-F1655CACFBEE}.Debug|Any CPU.Build.0 = Debug|Any CPU
		{FD3FEFB1-6E1A-41D0-A5E5-F1655CACFBEE}.Release|Any CPU.ActiveCfg = Release|Any CPU
		{FD3FEFB1-6E1A-41D0-A5E5-F1655CACFBEE}.Release|Any CPU.Build.0 = Release|Any CPU
	EndGlobalSection
	GlobalSection(SolutionProperties) = preSolution
		HideSolutionNode = FALSE
	EndGlobalSection
	GlobalSection(ExtensibilityGlobals) = postSolution
		SolutionGuid = {C7DCBF60-9DF7-4B58-A5AD-13C2DD9DB101}
	EndGlobalSection
EndGlobal
