
Microsoft Visual Studio Solution File, Format Version 12.00
# Visual Studio Version 16
VisualStudioVersion = 16.0.29318.209
MinimumVisualStudioVersion = 15.0.26124.0
Project("{FAE04EC0-301F-11D3-BF4B-00C04F79EFBC}") = "FabricaApi", "FabricaApi.csproj", "{2BB0ECB1-8AE9-4AD5-8188-71B4D1C5EE44}"
EndProject
Project("{FAE04EC0-301F-11D3-BF4B-00C04F79EFBC}") = "ProducaoApi", "..\ProducaoApi\ProducaoApi.csproj", "{AF5A9884-10C2-40A0-99E5-B9AF083A8621}"
EndProject
Project("{FAE04EC0-301F-11D3-BF4B-00C04F79EFBC}") = "InterfaceGenerica", "..\InterfaceGenerica\InterfaceGenerica.csproj", "{F8D654B9-4BE5-48C1-ADF5-C8F5F6888203}"
EndProject
Global
	GlobalSection(SolutionConfigurationPlatforms) = preSolution
		Debug|Any CPU = Debug|Any CPU
		Debug|x64 = Debug|x64
		Debug|x86 = Debug|x86
		Release|Any CPU = Release|Any CPU
		Release|x64 = Release|x64
		Release|x86 = Release|x86
	EndGlobalSection
	GlobalSection(ProjectConfigurationPlatforms) = postSolution
		{2BB0ECB1-8AE9-4AD5-8188-71B4D1C5EE44}.Debug|Any CPU.ActiveCfg = Debug|Any CPU
		{2BB0ECB1-8AE9-4AD5-8188-71B4D1C5EE44}.Debug|Any CPU.Build.0 = Debug|Any CPU
		{2BB0ECB1-8AE9-4AD5-8188-71B4D1C5EE44}.Debug|x64.ActiveCfg = Debug|Any CPU
		{2BB0ECB1-8AE9-4AD5-8188-71B4D1C5EE44}.Debug|x64.Build.0 = Debug|Any CPU
		{2BB0ECB1-8AE9-4AD5-8188-71B4D1C5EE44}.Debug|x86.ActiveCfg = Debug|Any CPU
		{2BB0ECB1-8AE9-4AD5-8188-71B4D1C5EE44}.Debug|x86.Build.0 = Debug|Any CPU
		{2BB0ECB1-8AE9-4AD5-8188-71B4D1C5EE44}.Release|Any CPU.ActiveCfg = Release|Any CPU
		{2BB0ECB1-8AE9-4AD5-8188-71B4D1C5EE44}.Release|Any CPU.Build.0 = Release|Any CPU
		{2BB0ECB1-8AE9-4AD5-8188-71B4D1C5EE44}.Release|x64.ActiveCfg = Release|Any CPU
		{2BB0ECB1-8AE9-4AD5-8188-71B4D1C5EE44}.Release|x64.Build.0 = Release|Any CPU
		{2BB0ECB1-8AE9-4AD5-8188-71B4D1C5EE44}.Release|x86.ActiveCfg = Release|Any CPU
		{2BB0ECB1-8AE9-4AD5-8188-71B4D1C5EE44}.Release|x86.Build.0 = Release|Any CPU
		{AF5A9884-10C2-40A0-99E5-B9AF083A8621}.Debug|Any CPU.ActiveCfg = Debug|Any CPU
		{AF5A9884-10C2-40A0-99E5-B9AF083A8621}.Debug|Any CPU.Build.0 = Debug|Any CPU
		{AF5A9884-10C2-40A0-99E5-B9AF083A8621}.Debug|x64.ActiveCfg = Debug|Any CPU
		{AF5A9884-10C2-40A0-99E5-B9AF083A8621}.Debug|x64.Build.0 = Debug|Any CPU
		{AF5A9884-10C2-40A0-99E5-B9AF083A8621}.Debug|x86.ActiveCfg = Debug|Any CPU
		{AF5A9884-10C2-40A0-99E5-B9AF083A8621}.Debug|x86.Build.0 = Debug|Any CPU
		{AF5A9884-10C2-40A0-99E5-B9AF083A8621}.Release|Any CPU.ActiveCfg = Release|Any CPU
		{AF5A9884-10C2-40A0-99E5-B9AF083A8621}.Release|Any CPU.Build.0 = Release|Any CPU
		{AF5A9884-10C2-40A0-99E5-B9AF083A8621}.Release|x64.ActiveCfg = Release|Any CPU
		{AF5A9884-10C2-40A0-99E5-B9AF083A8621}.Release|x64.Build.0 = Release|Any CPU
		{AF5A9884-10C2-40A0-99E5-B9AF083A8621}.Release|x86.ActiveCfg = Release|Any CPU
		{AF5A9884-10C2-40A0-99E5-B9AF083A8621}.Release|x86.Build.0 = Release|Any CPU
		{F8D654B9-4BE5-48C1-ADF5-C8F5F6888203}.Debug|Any CPU.ActiveCfg = Debug|Any CPU
		{F8D654B9-4BE5-48C1-ADF5-C8F5F6888203}.Debug|Any CPU.Build.0 = Debug|Any CPU
		{F8D654B9-4BE5-48C1-ADF5-C8F5F6888203}.Debug|x64.ActiveCfg = Debug|Any CPU
		{F8D654B9-4BE5-48C1-ADF5-C8F5F6888203}.Debug|x64.Build.0 = Debug|Any CPU
		{F8D654B9-4BE5-48C1-ADF5-C8F5F6888203}.Debug|x86.ActiveCfg = Debug|Any CPU
		{F8D654B9-4BE5-48C1-ADF5-C8F5F6888203}.Debug|x86.Build.0 = Debug|Any CPU
		{F8D654B9-4BE5-48C1-ADF5-C8F5F6888203}.Release|Any CPU.ActiveCfg = Release|Any CPU
		{F8D654B9-4BE5-48C1-ADF5-C8F5F6888203}.Release|Any CPU.Build.0 = Release|Any CPU
		{F8D654B9-4BE5-48C1-ADF5-C8F5F6888203}.Release|x64.ActiveCfg = Release|Any CPU
		{F8D654B9-4BE5-48C1-ADF5-C8F5F6888203}.Release|x64.Build.0 = Release|Any CPU
		{F8D654B9-4BE5-48C1-ADF5-C8F5F6888203}.Release|x86.ActiveCfg = Release|Any CPU
		{F8D654B9-4BE5-48C1-ADF5-C8F5F6888203}.Release|x86.Build.0 = Release|Any CPU
	EndGlobalSection
	GlobalSection(SolutionProperties) = preSolution
		HideSolutionNode = FALSE
	EndGlobalSection
	GlobalSection(ExtensibilityGlobals) = postSolution
		SolutionGuid = {DF869EB2-851E-4671-9490-2FA55A077581}
	EndGlobalSection
EndGlobal
